
Microsoft Visual Studio Solution File, Format Version 12.00
# Visual Studio Version 16
VisualStudioVersion = 16.0.30011.22
MinimumVisualStudioVersion = 10.0.40219.1
Project("{FAE04EC0-301F-11D3-BF4B-00C04F79EFBC}") = "GitReg", "GitReg\GitReg.csproj", "{64BB32EE-265F-417B-9D0A-01B37078F076}"
EndProject
Global
	GlobalSection(SolutionConfigurationPlatforms) = preSolution
		Debug|Any CPU = Debug|Any CPU
		Release|Any CPU = Release|Any CPU
	EndGlobalSection
	GlobalSection(ProjectConfigurationPlatforms) = postSolution
		{64BB32EE-265F-417B-9D0A-01B37078F076}.Debug|Any CPU.ActiveCfg = Debug|Any CPU
		{64BB32EE-265F-417B-9D0A-01B37078F076}.Debug|Any CPU.Build.0 = Debug|Any CPU
		{64BB32EE-265F-417B-9D0A-01B37078F076}.Release|Any CPU.ActiveCfg = Release|Any CPU
		{64BB32EE-265F-417B-9D0A-01B37078F076}.Release|Any CPU.Build.0 = Release|Any CPU
	EndGlobalSection
	GlobalSection(SolutionProperties) = preSolution
		HideSolutionNode = FALSE
	EndGlobalSection
	GlobalSection(ExtensibilityGlobals) = postSolution
		SolutionGuid = {56C867CE-59A2-4F72-A108-62DADD7102B7}
	EndGlobalSection
EndGlobal
